// !$*UTF8*$!
{
	archiveVersion = 1;
	classes = {
	};
	objectVersion = 46;
	objects = {

/* Begin PBXBuildFile section */
		951216471E1D88E50063D71C /* AppDelegate.swift in Sources */ = {isa = PBXBuildFile; fileRef = 951216461E1D88E50063D71C /* AppDelegate.swift */; };
		951216491E1D88E50063D71C /* ViewController.swift in Sources */ = {isa = PBXBuildFile; fileRef = 951216481E1D88E50063D71C /* ViewController.swift */; };
		9512164C1E1D88E50063D71C /* Main.storyboard in Resources */ = {isa = PBXBuildFile; fileRef = 9512164A1E1D88E50063D71C /* Main.storyboard */; };
		9512164E1E1D88E50063D71C /* Assets.xcassets in Resources */ = {isa = PBXBuildFile; fileRef = 9512164D1E1D88E50063D71C /* Assets.xcassets */; };
		951216511E1D88E50063D71C /* LaunchScreen.storyboard in Resources */ = {isa = PBXBuildFile; fileRef = 9512164F1E1D88E50063D71C /* LaunchScreen.storyboard */; };
		951216591E1D8B6D0063D71C /* Data in Resources */ = {isa = PBXBuildFile; fileRef = 951216581E1D8B6D0063D71C /* Data */; };
/* End PBXBuildFile section */

/* Begin PBXFileReference section */
		951216431E1D88E50063D71C /* HtmlBook.app */ = {isa = PBXFileReference; explicitFileType = wrapper.application; includeInIndex = 0; path = HtmlBook.app; sourceTree = BUILT_PRODUCTS_DIR; };
		951216461E1D88E50063D71C /* AppDelegate.swift */ = {isa = PBXFileReference; lastKnownFileType = sourcecode.swift; path = AppDelegate.swift; sourceTree = "<group>"; };
		951216481E1D88E50063D71C /* ViewController.swift */ = {isa = PBXFileReference; lastKnownFileType = sourcecode.swift; path = ViewController.swift; sourceTree = "<group>"; };
		9512164B1E1D88E50063D71C /* Base */ = {isa = PBXFileReference; lastKnownFileType = file.storyboard; name = Base; path = Base.lproj/Main.storyboard; sourceTree = "<group>"; };
		9512164D1E1D88E50063D71C /* Assets.xcassets */ = {isa = PBXFileReference; lastKnownFileType = folder.assetcatalog; path = Assets.xcassets; sourceTree = "<group>"; };
		951216501E1D88E50063D71C /* Base */ = {isa = PBXFileReference; lastKnownFileType = file.storyboard; name = Base; path = Base.lproj/LaunchScreen.storyboard; sourceTree = "<group>"; };
		951216521E1D88E50063D71C /* Info.plist */ = {isa = PBXFileReference; lastKnownFileType = text.plist.xml; path = Info.plist; sourceTree = "<group>"; };
		951216581E1D8B6D0063D71C /* Data */ = {isa = PBXFileReference; lastKnownFileType = folder; path = Data; sourceTree = "<group>"; };
/* End PBXFileReference section */

/* Begin PBXFrameworksBuildPhase section */
		951216401E1D88E50063D71C /* Frameworks */ = {
			isa = PBXFrameworksBuildPhase;
			buildActionMask = 2147483647;
			files = (
			);
			runOnlyForDeploymentPostprocessing = 0;
		};
/* End PBXFrameworksBuildPhase section */

/* Begin PBXGroup section */
		9512163A1E1D88E50063D71C = {
			isa = PBXGroup;
			children = (
				951216581E1D8B6D0063D71C /* Data */,
				951216451E1D88E50063D71C /* HtmlBook */,
				951216441E1D88E50063D71C /* Products */,
			);
			sourceTree = "<group>";
		};
		951216441E1D88E50063D71C /* Products */ = {
			isa = PBXGroup;
			children = (
				951216431E1D88E50063D71C /* HtmlBook.app */,
			);
			name = Products;
			sourceTree = "<group>";
		};
		951216451E1D88E50063D71C /* HtmlBook */ = {
			isa = PBXGroup;
			children = (
				951216461E1D88E50063D71C /* AppDelegate.swift */,
				951216481E1D88E50063D71C /* ViewController.swift */,
				9512164A1E1D88E50063D71C /* Main.storyboard */,
				9512164D1E1D88E50063D71C /* Assets.xcassets */,
				9512164F1E1D88E50063D71C /* LaunchScreen.storyboard */,
				951216521E1D88E50063D71C /* Info.plist */,
			);
			path = HtmlBook;
			sourceTree = "<group>";
		};
/* End PBXGroup section */

/* Begin PBXNativeTarget section */
		951216421E1D88E50063D71C /* HtmlBook */ = {
			isa = PBXNativeTarget;
			buildConfigurationList = 951216551E1D88E60063D71C /* Build configuration list for PBXNativeTarget "HtmlBook" */;
			buildPhases = (
				9512163F1E1D88E50063D71C /* Sources */,
				951216401E1D88E50063D71C /* Frameworks */,
				951216411E1D88E50063D71C /* Resources */,
			);
			buildRules = (
			);
			dependencies = (
			);
			name = HtmlBook;
			productName = HtmlBook;
			productReference = 951216431E1D88E50063D71C /* HtmlBook.app */;
			productType = "com.apple.product-type.application";
		};
/* End PBXNativeTarget section */

/* Begin PBXProject section */
		9512163B1E1D88E50063D71C /* Project object */ = {
			isa = PBXProject;
			attributes = {
				LastSwiftUpdateCheck = 0810;
				LastUpgradeCheck = 0810;
				ORGANIZATIONNAME = engune;
				TargetAttributes = {
					951216421E1D88E50063D71C = {
						CreatedOnToolsVersion = 8.1;
						DevelopmentTeam = 8UAZMAFWQ4;
						ProvisioningStyle = Automatic;
					};
				};
			};
			buildConfigurationList = 9512163E1E1D88E50063D71C /* Build configuration list for PBXProject "HtmlBook" */;
			compatibilityVersion = "Xcode 3.2";
			developmentRegion = English;
			hasScannedForEncodings = 0;
			knownRegions = (
				en,
				Base,
			);
			mainGroup = 9512163A1E1D88E50063D71C;
			productRefGroup = 951216441E1D88E50063D71C /* Products */;
			projectDirPath = "";
			projectRoot = "";
			targets = (
				951216421E1D88E50063D71C /* HtmlBook */,
			);
		};
/* End PBXProject section */

/* Begin PBXResourcesBuildPhase section */
		951216411E1D88E50063D71C /* Resources */ = {
			isa = PBXResourcesBuildPhase;
			buildActionMask = 2147483647;
			files = (
				951216511E1D88E50063D71C /* LaunchScreen.storyboard in Resources */,
				9512164E1E1D88E50063D71C /* Assets.xcassets in Resources */,
				951216591E1D8B6D0063D71C /* Data in Resources */,
				9512164C1E1D88E50063D71C /* Main.storyboard in Resources */,
			);
			runOnlyForDeploymentPostprocessing = 0;
		};
/* End PBXResourcesBuildPhase section */

/* Begin PBXSourcesBuildPhase section */
		9512163F1E1D88E50063D71C /* Sources */ = {
			isa = PBXSourcesBuildPhase;
			buildActionMask = 2147483647;
			files = (
				951216491E1D88E50063D71C /* ViewController.swift in Sources */,
				951216471E1D88E50063D71C /* AppDelegate.swift in Sources */,
			);
			runOnlyForDeploymentPostprocessing = 0;
		};
/* End PBXSourcesBuildPhase section */

/* Begin PBXVariantGroup section */
		9512164A1E1D88E50063D71C /* Main.storyboard */ = {
			isa = PBXVariantGroup;
			children = (
				9512164B1E1D88E50063D71C /* Base */,
			);
			name = Main.storyboard;
			sourceTree = "<group>";
		};
		9512164F1E1D88E50063D71C /* LaunchScreen.storyboard */ = {
			isa = PBXVariantGroup;
			children = (
				951216501E1D88E50063D71C /* Base */,
			);
			name = LaunchScreen.storyboard;
			sourceTree = "<group>";
		};
/* End PBXVariantGroup section */

/* Begin XCBuildConfiguration section */
		951216531E1D88E50063D71C /* Debug */ = {
			isa = XCBuildConfiguration;
			buildSettings = {
				ALWAYS_SEARCH_USER_PATHS = NO;
				CLANG_ANALYZER_NONNULL = YES;
				CLANG_CXX_LANGUAGE_STANDARD = "gnu++0x";
				CLANG_CXX_LIBRARY = "libc++";
				CLANG_ENABLE_MODULES = YES;
				CLANG_ENABLE_OBJC_ARC = YES;
				CLANG_WARN_BOOL_CONVERSION = YES;
				CLANG_WARN_CONSTANT_CONVERSION = YES;
				CLANG_WARN_DIRECT_OBJC_ISA_USAGE = YES_ERROR;
				CLANG_WARN_DOCUMENTATION_COMMENTS = YES;
				CLANG_WARN_EMPTY_BODY = YES;
				CLANG_WARN_ENUM_CONVERSION = YES;
				CLANG_WARN_INFINITE_RECURSION = YES;
				CLANG_WARN_INT_CONVERSION = YES;
				CLANG_WARN_OBJC_ROOT_CLASS = YES_ERROR;
				CLANG_WARN_SUSPICIOUS_MOVES = YES;
				CLANG_WARN_UNREACHABLE_CODE = YES;
				CLANG_WARN__DUPLICATE_METHOD_MATCH = YES;
				"CODE_SIGN_IDENTITY[sdk=iphoneos*]" = "iPhone Developer";
				COPY_PHASE_STRIP = NO;
				DEBUG_INFORMATION_FORMAT = dwarf;
				ENABLE_STRICT_OBJC_MSGSEND = YES;
				ENABLE_TESTABILITY = YES;
				GCC_C_LANGUAGE_STANDARD = gnu99;
				GCC_DYNAMIC_NO_PIC = NO;
				GCC_NO_COMMON_BLOCKS = YES;
				GCC_OPTIMIZATION_LEVEL = 0;
				GCC_PREPROCESSOR_DEFINITIONS = (
					"DEBUG=1",
					"$(inherited)",
				);
				GCC_WARN_64_TO_32_BIT_CONVERSION = YES;
				GCC_WARN_ABOUT_RETURN_TYPE = YES_ERROR;
				GCC_WARN_UNDECLARED_SELECTOR = YES;
				GCC_WARN_UNINITIALIZED_AUTOS = YES_AGGRESSIVE;
				GCC_WARN_UNUSED_FUNCTION = YES;
				GCC_WARN_UNUSED_VARIABLE = YES;
				IPHONEOS_DEPLOYMENT_TARGET = 10.1;
				MTL_ENABLE_DEBUG_INFO = YES;
				ONLY_ACTIVE_ARCH = YES;
				SDKROOT = iphoneos;
				SWIFT_ACTIVE_COMPILATION_CONDITIONS = DEBUG;
				SWIFT_OPTIMIZATION_LEVEL = "-Onone";
			};
			name = Debug;
		};
		951216541E1D88E60063D71C /* Release */ = {
			isa = XCBuildConfiguration;
			buildSettings = {
				ALWAYS_SEARCH_USER_PATHS = NO;
				CLANG_ANALYZER_NONNULL = YES;
				CLANG_CXX_LANGUAGE_STANDARD = "gnu++0x";
				CLANG_CXX_LIBRARY = "libc++";
				CLANG_ENABLE_MODULES = YES;
				CLANG_ENABLE_OBJC_ARC = YES;
				CLANG_WARN_BOOL_CONVERSION = YES;
				CLANG_WARN_CONSTANT_CONVERSION = YES;
				CLANG_WARN_DIRECT_OBJC_ISA_USAGE = YES_ERROR;
				CLANG_WARN_DOCUMENTATION_COMMENTS = YES;
				CLANG_WARN_EMPTY_BODY = YES;
				CLANG_WARN_ENUM_CONVERSION = YES;
				CLANG_WARN_INFINITE_RECURSION = YES;
				CLANG_WARN_INT_CONVERSION = YES;
				CLANG_WARN_OBJC_ROOT_CLASS = YES_ERROR;
				CLANG_WARN_SUSPICIOUS_MOVES = YES;
				CLANG_WARN_UNREACHABLE_CODE = YES;
				CLANG_WARN__DUPLICATE_METHOD_MATCH = YES;
				"CODE_SIGN_IDENTITY[sdk=iphoneos*]" = "iPhone Developer";
				COPY_PHASE_STRIP = NO;
				DEBUG_INFORMATION_FORMAT = "dwarf-with-dsym";
				ENABLE_NS_ASSERTIONS = NO;
				ENABLE_STRICT_OBJC_MSGSEND = YES;
				GCC_C_LANGUAGE_STANDARD = gnu99;
				GCC_NO_COMMON_BLOCKS = YES;
				GCC_WARN_64_TO_32_BIT_CONVERSION = YES;
				GCC_WARN_ABOUT_RETURN_TYPE = YES_ERROR;
				GCC_WARN_UNDECLARED_SELECTOR = YES;
				GCC_WARN_UNINITIALIZED_AUTOS = YES_AGGRESSIVE;
				GCC_WARN_UNUSED_FUNCTION = YES;
				GCC_WARN_UNUSED_VARIABLE = YES;
				IPHONEOS_DEPLOYMENT_TARGET = 10.1;
				MTL_ENABLE_DEBUG_INFO = NO;
				SDKROOT = iphoneos;
				SWIFT_OPTIMIZATION_LEVEL = "-Owholemodule";
				VALIDATE_PRODUCT = YES;
			};
			name = Release;
		};
		951216561E1D88E60063D71C /* Debug */ = {
			isa = XCBuildConfiguration;
			buildSettings = {
				ASSETCATALOG_COMPILER_APPICON_NAME = AppIcon;
				DEVELOPMENT_TEAM = 8UAZMAFWQ4;
				INFOPLIST_FILE = HtmlBook/Info.plist;
				LD_RUNPATH_SEARCH_PATHS = "$(inherited) @executable_path/Frameworks";
				PRODUCT_BUNDLE_IDENTIFIER = com.engune.HtmlBook;
				PRODUCT_NAME = "$(TARGET_NAME)";
				SWIFT_VERSION = 3.0;
			};
			name = Debug;
		};
		951216571E1D88E60063D71C /* Release */ = {
			isa = XCBuildConfiguration;
			buildSettings = {
				ASSETCATALOG_COMPILER_APPICON_NAME = AppIcon;
				DEVELOPMENT_TEAM = 8UAZMAFWQ4;
				INFOPLIST_FILE = HtmlBook/Info.plist;
				LD_RUNPATH_SEARCH_PATHS = "$(inherited) @executable_path/Frameworks";
				PRODUCT_BUNDLE_IDENTIFIER = com.engune.HtmlBook;
				PRODUCT_NAME = "$(TARGET_NAME)";
				SWIFT_VERSION = 3.0;
			};
			name = Release;
		};
/* End XCBuildConfiguration section */

/* Begin XCConfigurationList section */
		9512163E1E1D88E50063D71C /* Build configuration list for PBXProject "HtmlBook" */ = {
			isa = XCConfigurationList;
			buildConfigurations = (
				951216531E1D88E50063D71C /* Debug */,
				951216541E1D88E60063D71C /* Release */,
			);
			defaultConfigurationIsVisible = 0;
			defaultConfigurationName = Release;
		};
		951216551E1D88E60063D71C /* Build configuration list for PBXNativeTarget "HtmlBook" */ = {
			isa = XCConfigurationList;
			buildConfigurations = (
				951216561E1D88E60063D71C /* Debug */,
				951216571E1D88E60063D71C /* Release */,
			);
			defaultConfigurationIsVisible = 0;
			defaultConfigurationName = Release;
		};
/* End XCConfigurationList section */
	};
	rootObject = 9512163B1E1D88E50063D71C /* Project object */;
}
